// !$*UTF8*$!
{
	archiveVersion = 1;
	classes = {
	};
	objectVersion = 46;
	objects = {

/* Begin PBXBuildFile section */
		788CEA341BFE166400386C7C /* AppDelegate.swift in Sources */ = {isa = PBXBuildFile; fileRef = 788CEA331BFE166400386C7C /* AppDelegate.swift */; };
		788CEA361BFE166400386C7C /* ViewController.swift in Sources */ = {isa = PBXBuildFile; fileRef = 788CEA351BFE166400386C7C /* ViewController.swift */; };
		788CEA391BFE166400386C7C /* Main.storyboard in Resources */ = {isa = PBXBuildFile; fileRef = 788CEA371BFE166400386C7C /* Main.storyboard */; };
		788CEA3B1BFE166400386C7C /* Assets.xcassets in Resources */ = {isa = PBXBuildFile; fileRef = 788CEA3A1BFE166400386C7C /* Assets.xcassets */; };
		788CEA3E1BFE166400386C7C /* LaunchScreen.storyboard in Resources */ = {isa = PBXBuildFile; fileRef = 788CEA3C1BFE166400386C7C /* LaunchScreen.storyboard */; };
		788CEA491BFE166400386C7C /* CIBCMarsTests.swift in Sources */ = {isa = PBXBuildFile; fileRef = 788CEA481BFE166400386C7C /* CIBCMarsTests.swift */; };
		788CEA541BFE166400386C7C /* CIBCMarsUITests.swift in Sources */ = {isa = PBXBuildFile; fileRef = 788CEA531BFE166400386C7C /* CIBCMarsUITests.swift */; };
/* End PBXBuildFile section */

/* Begin PBXContainerItemProxy section */
		788CEA451BFE166400386C7C /* PBXContainerItemProxy */ = {
			isa = PBXContainerItemProxy;
			containerPortal = 788CEA281BFE166400386C7C /* Project object */;
			proxyType = 1;
			remoteGlobalIDString = 788CEA2F1BFE166400386C7C;
			remoteInfo = CIBCMars;
		};
		788CEA501BFE166400386C7C /* PBXContainerItemProxy */ = {
			isa = PBXContainerItemProxy;
			containerPortal = 788CEA281BFE166400386C7C /* Project object */;
			proxyType = 1;
			remoteGlobalIDString = 788CEA2F1BFE166400386C7C;
			remoteInfo = CIBCMars;
		};
/* End PBXContainerItemProxy section */

/* Begin PBXFileReference section */
		788CEA301BFE166400386C7C /* CIBCMars.app */ = {isa = PBXFileReference; explicitFileType = wrapper.application; includeInIndex = 0; path = CIBCMars.app; sourceTree = BUILT_PRODUCTS_DIR; };
		788CEA331BFE166400386C7C /* AppDelegate.swift */ = {isa = PBXFileReference; lastKnownFileType = sourcecode.swift; path = AppDelegate.swift; sourceTree = "<group>"; };
		788CEA351BFE166400386C7C /* ViewController.swift */ = {isa = PBXFileReference; lastKnownFileType = sourcecode.swift; path = ViewController.swift; sourceTree = "<group>"; };
		788CEA381BFE166400386C7C /* Base */ = {isa = PBXFileReference; lastKnownFileType = file.storyboard; name = Base; path = Base.lproj/Main.storyboard; sourceTree = "<group>"; };
		788CEA3A1BFE166400386C7C /* Assets.xcassets */ = {isa = PBXFileReference; lastKnownFileType = folder.assetcatalog; path = Assets.xcassets; sourceTree = "<group>"; };
		788CEA3D1BFE166400386C7C /* Base */ = {isa = PBXFileReference; lastKnownFileType = file.storyboard; name = Base; path = Base.lproj/LaunchScreen.storyboard; sourceTree = "<group>"; };
		788CEA3F1BFE166400386C7C /* Info.plist */ = {isa = PBXFileReference; lastKnownFileType = text.plist.xml; path = Info.plist; sourceTree = "<group>"; };
		788CEA441BFE166400386C7C /* CIBCMarsTests.xctest */ = {isa = PBXFileReference; explicitFileType = wrapper.cfbundle; includeInIndex = 0; path = CIBCMarsTests.xctest; sourceTree = BUILT_PRODUCTS_DIR; };
		788CEA481BFE166400386C7C /* CIBCMarsTests.swift */ = {isa = PBXFileReference; lastKnownFileType = sourcecode.swift; path = CIBCMarsTests.swift; sourceTree = "<group>"; };
		788CEA4A1BFE166400386C7C /* Info.plist */ = {isa = PBXFileReference; lastKnownFileType = text.plist.xml; path = Info.plist; sourceTree = "<group>"; };
		788CEA4F1BFE166400386C7C /* CIBCMarsUITests.xctest */ = {isa = PBXFileReference; explicitFileType = wrapper.cfbundle; includeInIndex = 0; path = CIBCMarsUITests.xctest; sourceTree = BUILT_PRODUCTS_DIR; };
		788CEA531BFE166400386C7C /* CIBCMarsUITests.swift */ = {isa = PBXFileReference; lastKnownFileType = sourcecode.swift; path = CIBCMarsUITests.swift; sourceTree = "<group>"; };
		788CEA551BFE166400386C7C /* Info.plist */ = {isa = PBXFileReference; lastKnownFileType = text.plist.xml; path = Info.plist; sourceTree = "<group>"; };
/* End PBXFileReference section */

/* Begin PBXFrameworksBuildPhase section */
		788CEA2D1BFE166400386C7C /* Frameworks */ = {
			isa = PBXFrameworksBuildPhase;
			buildActionMask = 2147483647;
			files = (
			);
			runOnlyForDeploymentPostprocessing = 0;
		};
		788CEA411BFE166400386C7C /* Frameworks */ = {
			isa = PBXFrameworksBuildPhase;
			buildActionMask = 2147483647;
			files = (
			);
			runOnlyForDeploymentPostprocessing = 0;
		};
		788CEA4C1BFE166400386C7C /* Frameworks */ = {
			isa = PBXFrameworksBuildPhase;
			buildActionMask = 2147483647;
			files = (
			);
			runOnlyForDeploymentPostprocessing = 0;
		};
/* End PBXFrameworksBuildPhase section */

/* Begin PBXGroup section */
		788CEA271BFE166400386C7C = {
			isa = PBXGroup;
			children = (
				788CEA321BFE166400386C7C /* CIBCMars */,
				788CEA471BFE166400386C7C /* CIBCMarsTests */,
				788CEA521BFE166400386C7C /* CIBCMarsUITests */,
				788CEA311BFE166400386C7C /* Products */,
			);
			sourceTree = "<group>";
		};
		788CEA311BFE166400386C7C /* Products */ = {
			isa = PBXGroup;
			children = (
				788CEA301BFE166400386C7C /* CIBCMars.app */,
				788CEA441BFE166400386C7C /* CIBCMarsTests.xctest */,
				788CEA4F1BFE166400386C7C /* CIBCMarsUITests.xctest */,
			);
			name = Products;
			sourceTree = "<group>";
		};
		788CEA321BFE166400386C7C /* CIBCMars */ = {
			isa = PBXGroup;
			children = (
				788CEA331BFE166400386C7C /* AppDelegate.swift */,
				788CEA351BFE166400386C7C /* ViewController.swift */,
				788CEA371BFE166400386C7C /* Main.storyboard */,
				788CEA3A1BFE166400386C7C /* Assets.xcassets */,
				788CEA3C1BFE166400386C7C /* LaunchScreen.storyboard */,
				788CEA3F1BFE166400386C7C /* Info.plist */,
			);
			path = CIBCMars;
			sourceTree = "<group>";
		};
		788CEA471BFE166400386C7C /* CIBCMarsTests */ = {
			isa = PBXGroup;
			children = (
				788CEA481BFE166400386C7C /* CIBCMarsTests.swift */,
				788CEA4A1BFE166400386C7C /* Info.plist */,
			);
			path = CIBCMarsTests;
			sourceTree = "<group>";
		};
		788CEA521BFE166400386C7C /* CIBCMarsUITests */ = {
			isa = PBXGroup;
			children = (
				788CEA531BFE166400386C7C /* CIBCMarsUITests.swift */,
				788CEA551BFE166400386C7C /* Info.plist */,
			);
			path = CIBCMarsUITests;
			sourceTree = "<group>";
		};
/* End PBXGroup section */

/* Begin PBXNativeTarget section */
		788CEA2F1BFE166400386C7C /* CIBCMars */ = {
			isa = PBXNativeTarget;
			buildConfigurationList = 788CEA581BFE166400386C7C /* Build configuration list for PBXNativeTarget "CIBCMars" */;
			buildPhases = (
				788CEA2C1BFE166400386C7C /* Sources */,
				788CEA2D1BFE166400386C7C /* Frameworks */,
				788CEA2E1BFE166400386C7C /* Resources */,
			);
			buildRules = (
			);
			dependencies = (
			);
			name = CIBCMars;
			productName = CIBCMars;
			productReference = 788CEA301BFE166400386C7C /* CIBCMars.app */;
			productType = "com.apple.product-type.application";
		};
		788CEA431BFE166400386C7C /* CIBCMarsTests */ = {
			isa = PBXNativeTarget;
			buildConfigurationList = 788CEA5B1BFE166400386C7C /* Build configuration list for PBXNativeTarget "CIBCMarsTests" */;
			buildPhases = (
				788CEA401BFE166400386C7C /* Sources */,
				788CEA411BFE166400386C7C /* Frameworks */,
				788CEA421BFE166400386C7C /* Resources */,
			);
			buildRules = (
			);
			dependencies = (
				788CEA461BFE166400386C7C /* PBXTargetDependency */,
			);
			name = CIBCMarsTests;
			productName = CIBCMarsTests;
			productReference = 788CEA441BFE166400386C7C /* CIBCMarsTests.xctest */;
			productType = "com.apple.product-type.bundle.unit-test";
		};
		788CEA4E1BFE166400386C7C /* CIBCMarsUITests */ = {
			isa = PBXNativeTarget;
			buildConfigurationList = 788CEA5E1BFE166400386C7C /* Build configuration list for PBXNativeTarget "CIBCMarsUITests" */;
			buildPhases = (
				788CEA4B1BFE166400386C7C /* Sources */,
				788CEA4C1BFE166400386C7C /* Frameworks */,
				788CEA4D1BFE166400386C7C /* Resources */,
			);
			buildRules = (
			);
			dependencies = (
				788CEA511BFE166400386C7C /* PBXTargetDependency */,
			);
			name = CIBCMarsUITests;
			productName = CIBCMarsUITests;
			productReference = 788CEA4F1BFE166400386C7C /* CIBCMarsUITests.xctest */;
			productType = "com.apple.product-type.bundle.ui-testing";
		};
/* End PBXNativeTarget section */

/* Begin PBXProject section */
		788CEA281BFE166400386C7C /* Project object */ = {
			isa = PBXProject;
			attributes = {
				LastSwiftUpdateCheck = 0710;
				LastUpgradeCheck = 0710;
				ORGANIZATIONNAME = KBryan;
				TargetAttributes = {
					788CEA2F1BFE166400386C7C = {
						CreatedOnToolsVersion = 7.1.1;
					};
					788CEA431BFE166400386C7C = {
						CreatedOnToolsVersion = 7.1.1;
						TestTargetID = 788CEA2F1BFE166400386C7C;
					};
					788CEA4E1BFE166400386C7C = {
						CreatedOnToolsVersion = 7.1.1;
						TestTargetID = 788CEA2F1BFE166400386C7C;
					};
				};
			};
			buildConfigurationList = 788CEA2B1BFE166400386C7C /* Build configuration list for PBXProject "CIBCMars" */;
			compatibilityVersion = "Xcode 3.2";
			developmentRegion = English;
			hasScannedForEncodings = 0;
			knownRegions = (
				en,
				Base,
			);
			mainGroup = 788CEA271BFE166400386C7C;
			productRefGroup = 788CEA311BFE166400386C7C /* Products */;
			projectDirPath = "";
			projectRoot = "";
			targets = (
				788CEA2F1BFE166400386C7C /* CIBCMars */,
				788CEA431BFE166400386C7C /* CIBCMarsTests */,
				788CEA4E1BFE166400386C7C /* CIBCMarsUITests */,
			);
		};
/* End PBXProject section */

/* Begin PBXResourcesBuildPhase section */
		788CEA2E1BFE166400386C7C /* Resources */ = {
			isa = PBXResourcesBuildPhase;
			buildActionMask = 2147483647;
			files = (
				788CEA3E1BFE166400386C7C /* LaunchScreen.storyboard in Resources */,
				788CEA3B1BFE166400386C7C /* Assets.xcassets in Resources */,
				788CEA391BFE166400386C7C /* Main.storyboard in Resources */,
			);
			runOnlyForDeploymentPostprocessing = 0;
		};
		788CEA421BFE166400386C7C /* Resources */ = {
			isa = PBXResourcesBuildPhase;
			buildActionMask = 2147483647;
			files = (
			);
			runOnlyForDeploymentPostprocessing = 0;
		};
		788CEA4D1BFE166400386C7C /* Resources */ = {
			isa = PBXResourcesBuildPhase;
			buildActionMask = 2147483647;
			files = (
			);
			runOnlyForDeploymentPostprocessing = 0;
		};
/* End PBXResourcesBuildPhase section */

/* Begin PBXSourcesBuildPhase section */
		788CEA2C1BFE166400386C7C /* Sources */ = {
			isa = PBXSourcesBuildPhase;
			buildActionMask = 2147483647;
			files = (
				788CEA361BFE166400386C7C /* ViewController.swift in Sources */,
				788CEA341BFE166400386C7C /* AppDelegate.swift in Sources */,
			);
			runOnlyForDeploymentPostprocessing = 0;
		};
		788CEA401BFE166400386C7C /* Sources */ = {
			isa = PBXSourcesBuildPhase;
			buildActionMask = 2147483647;
			files = (
				788CEA491BFE166400386C7C /* CIBCMarsTests.swift in Sources */,
			);
			runOnlyForDeploymentPostprocessing = 0;
		};
		788CEA4B1BFE166400386C7C /* Sources */ = {
			isa = PBXSourcesBuildPhase;
			buildActionMask = 2147483647;
			files = (
				788CEA541BFE166400386C7C /* CIBCMarsUITests.swift in Sources */,
			);
			runOnlyForDeploymentPostprocessing = 0;
		};
/* End PBXSourcesBuildPhase section */

/* Begin PBXTargetDependency section */
		788CEA461BFE166400386C7C /* PBXTargetDependency */ = {
			isa = PBXTargetDependency;
			target = 788CEA2F1BFE166400386C7C /* CIBCMars */;
			targetProxy = 788CEA451BFE166400386C7C /* PBXContainerItemProxy */;
		};
		788CEA511BFE166400386C7C /* PBXTargetDependency */ = {
			isa = PBXTargetDependency;
			target = 788CEA2F1BFE166400386C7C /* CIBCMars */;
			targetProxy = 788CEA501BFE166400386C7C /* PBXContainerItemProxy */;
		};
/* End PBXTargetDependency section */

/* Begin PBXVariantGroup section */
		788CEA371BFE166400386C7C /* Main.storyboard */ = {
			isa = PBXVariantGroup;
			children = (
				788CEA381BFE166400386C7C /* Base */,
			);
			name = Main.storyboard;
			sourceTree = "<group>";
		};
		788CEA3C1BFE166400386C7C /* LaunchScreen.storyboard */ = {
			isa = PBXVariantGroup;
			children = (
				788CEA3D1BFE166400386C7C /* Base */,
			);
			name = LaunchScreen.storyboard;
			sourceTree = "<group>";
		};
/* End PBXVariantGroup section */

/* Begin XCBuildConfiguration section */
		788CEA561BFE166400386C7C /* Debug */ = {
			isa = XCBuildConfiguration;
			buildSettings = {
				ALWAYS_SEARCH_USER_PATHS = NO;
				CLANG_CXX_LANGUAGE_STANDARD = "gnu++0x";
				CLANG_CXX_LIBRARY = "libc++";
				CLANG_ENABLE_MODULES = YES;
				CLANG_ENABLE_OBJC_ARC = YES;
				CLANG_WARN_BOOL_CONVERSION = YES;
				CLANG_WARN_CONSTANT_CONVERSION = YES;
				CLANG_WARN_DIRECT_OBJC_ISA_USAGE = YES_ERROR;
				CLANG_WARN_EMPTY_BODY = YES;
				CLANG_WARN_ENUM_CONVERSION = YES;
				CLANG_WARN_INT_CONVERSION = YES;
				CLANG_WARN_OBJC_ROOT_CLASS = YES_ERROR;
				CLANG_WARN_UNREACHABLE_CODE = YES;
				CLANG_WARN__DUPLICATE_METHOD_MATCH = YES;
				"CODE_SIGN_IDENTITY[sdk=iphoneos*]" = "iPhone Developer";
				COPY_PHASE_STRIP = NO;
				DEBUG_INFORMATION_FORMAT = dwarf;
				ENABLE_STRICT_OBJC_MSGSEND = YES;
				ENABLE_TESTABILITY = YES;
				GCC_C_LANGUAGE_STANDARD = gnu99;
				GCC_DYNAMIC_NO_PIC = NO;
				GCC_NO_COMMON_BLOCKS = YES;
				GCC_OPTIMIZATION_LEVEL = 0;
				GCC_PREPROCESSOR_DEFINITIONS = (
					"DEBUG=1",
					"$(inherited)",
				);
				GCC_WARN_64_TO_32_BIT_CONVERSION = YES;
				GCC_WARN_ABOUT_RETURN_TYPE = YES_ERROR;
				GCC_WARN_UNDECLARED_SELECTOR = YES;
				GCC_WARN_UNINITIALIZED_AUTOS = YES_AGGRESSIVE;
				GCC_WARN_UNUSED_FUNCTION = YES;
				GCC_WARN_UNUSED_VARIABLE = YES;
				IPHONEOS_DEPLOYMENT_TARGET = 9.1;
				MTL_ENABLE_DEBUG_INFO = YES;
				ONLY_ACTIVE_ARCH = YES;
				SDKROOT = iphoneos;
				SWIFT_OPTIMIZATION_LEVEL = "-Onone";
				TARGETED_DEVICE_FAMILY = "1,2";
			};
			name = Debug;
		};
		788CEA571BFE166400386C7C /* Release */ = {
			isa = XCBuildConfiguration;
			buildSettings = {
				ALWAYS_SEARCH_USER_PATHS = NO;
				CLANG_CXX_LANGUAGE_STANDARD = "gnu++0x";
				CLANG_CXX_LIBRARY = "libc++";
				CLANG_ENABLE_MODULES = YES;
				CLANG_ENABLE_OBJC_ARC = YES;
				CLANG_WARN_BOOL_CONVERSION = YES;
				CLANG_WARN_CONSTANT_CONVERSION = YES;
				CLANG_WARN_DIRECT_OBJC_ISA_USAGE = YES_ERROR;
				CLANG_WARN_EMPTY_BODY = YES;
				CLANG_WARN_ENUM_CONVERSION = YES;
				CLANG_WARN_INT_CONVERSION = YES;
				CLANG_WARN_OBJC_ROOT_CLASS = YES_ERROR;
				CLANG_WARN_UNREACHABLE_CODE = YES;
				CLANG_WARN__DUPLICATE_METHOD_MATCH = YES;
				"CODE_SIGN_IDENTITY[sdk=iphoneos*]" = "iPhone Developer";
				COPY_PHASE_STRIP = NO;
				DEBUG_INFORMATION_FORMAT = "dwarf-with-dsym";
				ENABLE_NS_ASSERTIONS = NO;
				ENABLE_STRICT_OBJC_MSGSEND = YES;
				GCC_C_LANGUAGE_STANDARD = gnu99;
				GCC_NO_COMMON_BLOCKS = YES;
				GCC_WARN_64_TO_32_BIT_CONVERSION = YES;
				GCC_WARN_ABOUT_RETURN_TYPE = YES_ERROR;
				GCC_WARN_UNDECLARED_SELECTOR = YES;
				GCC_WARN_UNINITIALIZED_AUTOS = YES_AGGRESSIVE;
				GCC_WARN_UNUSED_FUNCTION = YES;
				GCC_WARN_UNUSED_VARIABLE = YES;
				IPHONEOS_DEPLOYMENT_TARGET = 9.1;
				MTL_ENABLE_DEBUG_INFO = NO;
				SDKROOT = iphoneos;
				TARGETED_DEVICE_FAMILY = "1,2";
				VALIDATE_PRODUCT = YES;
			};
			name = Release;
		};
		788CEA591BFE166400386C7C /* Debug */ = {
			isa = XCBuildConfiguration;
			buildSettings = {
				ASSETCATALOG_COMPILER_APPICON_NAME = AppIcon;
				INFOPLIST_FILE = CIBCMars/Info.plist;
				LD_RUNPATH_SEARCH_PATHS = "$(inherited) @executable_path/Frameworks";
				PRODUCT_BUNDLE_IDENTIFIER = com.3einteractive.CIBCMars;
				PRODUCT_NAME = "$(TARGET_NAME)";
			};
			name = Debug;
		};
		788CEA5A1BFE166400386C7C /* Release */ = {
			isa = XCBuildConfiguration;
			buildSettings = {
				ASSETCATALOG_COMPILER_APPICON_NAME = AppIcon;
				INFOPLIST_FILE = CIBCMars/Info.plist;
				LD_RUNPATH_SEARCH_PATHS = "$(inherited) @executable_path/Frameworks";
				PRODUCT_BUNDLE_IDENTIFIER = com.3einteractive.CIBCMars;
				PRODUCT_NAME = "$(TARGET_NAME)";
			};
			name = Release;
		};
		788CEA5C1BFE166400386C7C /* Debug */ = {
			isa = XCBuildConfiguration;
			buildSettings = {
				BUNDLE_LOADER = "$(TEST_HOST)";
				INFOPLIST_FILE = CIBCMarsTests/Info.plist;
				LD_RUNPATH_SEARCH_PATHS = "$(inherited) @executable_path/Frameworks @loader_path/Frameworks";
				PRODUCT_BUNDLE_IDENTIFIER = com.3einteractive.CIBCMarsTests;
				PRODUCT_NAME = "$(TARGET_NAME)";
				TEST_HOST = "$(BUILT_PRODUCTS_DIR)/CIBCMars.app/CIBCMars";
			};
			name = Debug;
		};
		788CEA5D1BFE166400386C7C /* Release */ = {
			isa = XCBuildConfiguration;
			buildSettings = {
				BUNDLE_LOADER = "$(TEST_HOST)";
				INFOPLIST_FILE = CIBCMarsTests/Info.plist;
				LD_RUNPATH_SEARCH_PATHS = "$(inherited) @executable_path/Frameworks @loader_path/Frameworks";
				PRODUCT_BUNDLE_IDENTIFIER = com.3einteractive.CIBCMarsTests;
				PRODUCT_NAME = "$(TARGET_NAME)";
				TEST_HOST = "$(BUILT_PRODUCTS_DIR)/CIBCMars.app/CIBCMars";
			};
			name = Release;
		};
		788CEA5F1BFE166400386C7C /* Debug */ = {
			isa = XCBuildConfiguration;
			buildSettings = {
				INFOPLIST_FILE = CIBCMarsUITests/Info.plist;
				LD_RUNPATH_SEARCH_PATHS = "$(inherited) @executable_path/Frameworks @loader_path/Frameworks";
				PRODUCT_BUNDLE_IDENTIFIER = com.3einteractive.CIBCMarsUITests;
				PRODUCT_NAME = "$(TARGET_NAME)";
				TEST_TARGET_NAME = CIBCMars;
				USES_XCTRUNNER = YES;
			};
			name = Debug;
		};
		788CEA601BFE166400386C7C /* Release */ = {
			isa = XCBuildConfiguration;
			buildSettings = {
				INFOPLIST_FILE = CIBCMarsUITests/Info.plist;
				LD_RUNPATH_SEARCH_PATHS = "$(inherited) @executable_path/Frameworks @loader_path/Frameworks";
				PRODUCT_BUNDLE_IDENTIFIER = com.3einteractive.CIBCMarsUITests;
				PRODUCT_NAME = "$(TARGET_NAME)";
				TEST_TARGET_NAME = CIBCMars;
				USES_XCTRUNNER = YES;
			};
			name = Release;
		};
/* End XCBuildConfiguration section */

/* Begin XCConfigurationList section */
		788CEA2B1BFE166400386C7C /* Build configuration list for PBXProject "CIBCMars" */ = {
			isa = XCConfigurationList;
			buildConfigurations = (
				788CEA561BFE166400386C7C /* Debug */,
				788CEA571BFE166400386C7C /* Release */,
			);
			defaultConfigurationIsVisible = 0;
			defaultConfigurationName = Release;
		};
		788CEA581BFE166400386C7C /* Build configuration list for PBXNativeTarget "CIBCMars" */ = {
			isa = XCConfigurationList;
			buildConfigurations = (
				788CEA591BFE166400386C7C /* Debug */,
				788CEA5A1BFE166400386C7C /* Release */,
			);
			defaultConfigurationIsVisible = 0;
		};
		788CEA5B1BFE166400386C7C /* Build configuration list for PBXNativeTarget "CIBCMarsTests" */ = {
			isa = XCConfigurationList;
			buildConfigurations = (
				788CEA5C1BFE166400386C7C /* Debug */,
				788CEA5D1BFE166400386C7C /* Release */,
			);
			defaultConfigurationIsVisible = 0;
		};
		788CEA5E1BFE166400386C7C /* Build configuration list for PBXNativeTarget "CIBCMarsUITests" */ = {
			isa = XCConfigurationList;
			buildConfigurations = (
				788CEA5F1BFE166400386C7C /* Debug */,
				788CEA601BFE166400386C7C /* Release */,
			);
			defaultConfigurationIsVisible = 0;
		};
/* End XCConfigurationList section */
	};
	rootObject = 788CEA281BFE166400386C7C /* Project object */;
}
